
Microsoft Visual Studio Solution File, Format Version 12.00
# Visual Studio Version 17
VisualStudioVersion = 17.4.33205.214
MinimumVisualStudioVersion = 10.0.40219.1
Project("{FAE04EC0-301F-11D3-BF4B-00C04F79EFBC}") = "FInanceREST", "FInanceREST\FInanceREST.csproj", "{5D973E02-4097-43C4-A367-205F35254457}"
EndProject
Global
	GlobalSection(SolutionConfigurationPlatforms) = preSolution
		Debug|Any CPU = Debug|Any CPU
		Release|Any CPU = Release|Any CPU
	EndGlobalSection
	GlobalSection(ProjectConfigurationPlatforms) = postSolution
		{5D973E02-4097-43C4-A367-205F35254457}.Debug|Any CPU.ActiveCfg = Debug|Any CPU
		{5D973E02-4097-43C4-A367-205F35254457}.Debug|Any CPU.Build.0 = Debug|Any CPU
		{5D973E02-4097-43C4-A367-205F35254457}.Release|Any CPU.ActiveCfg = Release|Any CPU
		{5D973E02-4097-43C4-A367-205F35254457}.Release|Any CPU.Build.0 = Release|Any CPU
	EndGlobalSection
	GlobalSection(SolutionProperties) = preSolution
		HideSolutionNode = FALSE
	EndGlobalSection
	GlobalSection(ExtensibilityGlobals) = postSolution
		SolutionGuid = {FEAE9F50-3D30-4DC3-8B18-85EB44E03DEC}
	EndGlobalSection
EndGlobal
